
Microsoft Visual Studio Solution File, Format Version 12.00
# Visual Studio Version 16
VisualStudioVersion = 16.0.31702.278
MinimumVisualStudioVersion = 10.0.40219.1
Project("{FAE04EC0-301F-11D3-BF4B-00C04F79EFBC}") = "RDS.TextParser", "RDS.TextParser\RDS.TextParser.csproj", "{860D6D67-C279-412C-A285-B525E398BD40}"
EndProject
Global
	GlobalSection(SolutionConfigurationPlatforms) = preSolution
		Debug|Any CPU = Debug|Any CPU
		Release|Any CPU = Release|Any CPU
	EndGlobalSection
	GlobalSection(ProjectConfigurationPlatforms) = postSolution
		{860D6D67-C279-412C-A285-B525E398BD40}.Debug|Any CPU.ActiveCfg = Debug|Any CPU
		{860D6D67-C279-412C-A285-B525E398BD40}.Debug|Any CPU.Build.0 = Debug|Any CPU
		{860D6D67-C279-412C-A285-B525E398BD40}.Release|Any CPU.ActiveCfg = Release|Any CPU
		{860D6D67-C279-412C-A285-B525E398BD40}.Release|Any CPU.Build.0 = Release|Any CPU
	EndGlobalSection
	GlobalSection(SolutionProperties) = preSolution
		HideSolutionNode = FALSE
	EndGlobalSection
	GlobalSection(ExtensibilityGlobals) = postSolution
		SolutionGuid = {AC1CED71-BFB5-4499-AC46-F9B53E972669}
	EndGlobalSection
EndGlobal
